
Microsoft Visual Studio Solution File, Format Version 12.00
# Visual Studio Version 16
VisualStudioVersion = 16.0.32106.194
MinimumVisualStudioVersion = 10.0.40219.1
Project("{FAE04EC0-301F-11D3-BF4B-00C04F79EFBC}") = "Practical_16", "Practical_16\Practical_16.csproj", "{4B127C10-A76A-44C4-82ED-36BFBE1088CD}"
EndProject
Global
	GlobalSection(SolutionConfigurationPlatforms) = preSolution
		Debug|Any CPU = Debug|Any CPU
		Release|Any CPU = Release|Any CPU
	EndGlobalSection
	GlobalSection(ProjectConfigurationPlatforms) = postSolution
		{4B127C10-A76A-44C4-82ED-36BFBE1088CD}.Debug|Any CPU.ActiveCfg = Debug|Any CPU
		{4B127C10-A76A-44C4-82ED-36BFBE1088CD}.Debug|Any CPU.Build.0 = Debug|Any CPU
		{4B127C10-A76A-44C4-82ED-36BFBE1088CD}.Release|Any CPU.ActiveCfg = Release|Any CPU
		{4B127C10-A76A-44C4-82ED-36BFBE1088CD}.Release|Any CPU.Build.0 = Release|Any CPU
	EndGlobalSection
	GlobalSection(SolutionProperties) = preSolution
		HideSolutionNode = FALSE
	EndGlobalSection
	GlobalSection(ExtensibilityGlobals) = postSolution
		SolutionGuid = {9B970D4C-1601-4681-8A4B-7719031A1F02}
	EndGlobalSection
EndGlobal
